// !$*UTF8*$!
{
	archiveVersion = 1;
	classes = {
	};
	objectVersion = 55;
	objects = {

/* Begin PBXBuildFile section */
		281E62FDC7CBB29FAA145AC7 /* Pods_hw_hwUITests.framework in Frameworks */ = {isa = PBXBuildFile; fileRef = 4B80829488EAACAAE7FFFC2F /* Pods_hw_hwUITests.framework */; };
		45471C40285B788600CA4884 /* AppDelegate.swift in Sources */ = {isa = PBXBuildFile; fileRef = 45471C3F285B788600CA4884 /* AppDelegate.swift */; };
		45471C44285B788800CA4884 /* Assets.xcassets in Resources */ = {isa = PBXBuildFile; fileRef = 45471C43285B788800CA4884 /* Assets.xcassets */; };
		45471C47285B788800CA4884 /* Main.storyboard in Resources */ = {isa = PBXBuildFile; fileRef = 45471C45285B788800CA4884 /* Main.storyboard */; };
		45471C52285B788800CA4884 /* hwTests.swift in Sources */ = {isa = PBXBuildFile; fileRef = 45471C51285B788800CA4884 /* hwTests.swift */; };
		45471C5C285B788800CA4884 /* hwUITests.swift in Sources */ = {isa = PBXBuildFile; fileRef = 45471C5B285B788800CA4884 /* hwUITests.swift */; };
		45471C5E285B788800CA4884 /* hwUITestsLaunchTests.swift in Sources */ = {isa = PBXBuildFile; fileRef = 45471C5D285B788800CA4884 /* hwUITestsLaunchTests.swift */; };
		45471C6B285CDF9200CA4884 /* MaskWindow.swift in Sources */ = {isa = PBXBuildFile; fileRef = 45471C6A285CDF9200CA4884 /* MaskWindow.swift */; };
		45471C6D285EB76800CA4884 /* Accessibility.swift in Sources */ = {isa = PBXBuildFile; fileRef = 45471C6C285EB76800CA4884 /* Accessibility.swift */; };
		45471C6F285EBC6800CA4884 /* WindowHightlight.swift in Sources */ = {isa = PBXBuildFile; fileRef = 45471C6E285EBC6800CA4884 /* WindowHightlight.swift */; };
		45471C71285ED06D00CA4884 /* StatusButton.swift in Sources */ = {isa = PBXBuildFile; fileRef = 45471C70285ED06D00CA4884 /* StatusButton.swift */; };
		878FE7C193C18F668A5827B2 /* Pods_hwTests.framework in Frameworks */ = {isa = PBXBuildFile; fileRef = 1D577857CDF83F741A087C30 /* Pods_hwTests.framework */; };
		DABF766ED844EE713298DE6E /* Pods_hw.framework in Frameworks */ = {isa = PBXBuildFile; fileRef = 01D5C213B5A7F12F0463F472 /* Pods_hw.framework */; };
/* End PBXBuildFile section */

/* Begin PBXContainerItemProxy section */
		45471C4E285B788800CA4884 /* PBXContainerItemProxy */ = {
			isa = PBXContainerItemProxy;
			containerPortal = 45471C34285B788600CA4884 /* Project object */;
			proxyType = 1;
			remoteGlobalIDString = 45471C3B285B788600CA4884;
			remoteInfo = hw;
		};
		45471C58285B788800CA4884 /* PBXContainerItemProxy */ = {
			isa = PBXContainerItemProxy;
			containerPortal = 45471C34285B788600CA4884 /* Project object */;
			proxyType = 1;
			remoteGlobalIDString = 45471C3B285B788600CA4884;
			remoteInfo = hw;
		};
/* End PBXContainerItemProxy section */

/* Begin PBXFileReference section */
		01D5C213B5A7F12F0463F472 /* Pods_hw.framework */ = {isa = PBXFileReference; explicitFileType = wrapper.framework; includeInIndex = 0; path = Pods_hw.framework; sourceTree = BUILT_PRODUCTS_DIR; };
		1425F2DBCB0298FDD2C4EF38 /* Pods-hw-hwUITests.release.xcconfig */ = {isa = PBXFileReference; includeInIndex = 1; lastKnownFileType = text.xcconfig; name = "Pods-hw-hwUITests.release.xcconfig"; path = "Target Support Files/Pods-hw-hwUITests/Pods-hw-hwUITests.release.xcconfig"; sourceTree = "<group>"; };
		18FB954B8E445666EF33B437 /* Pods-hw-hwUITests.debug.xcconfig */ = {isa = PBXFileReference; includeInIndex = 1; lastKnownFileType = text.xcconfig; name = "Pods-hw-hwUITests.debug.xcconfig"; path = "Target Support Files/Pods-hw-hwUITests/Pods-hw-hwUITests.debug.xcconfig"; sourceTree = "<group>"; };
		1D577857CDF83F741A087C30 /* Pods_hwTests.framework */ = {isa = PBXFileReference; explicitFileType = wrapper.framework; includeInIndex = 0; path = Pods_hwTests.framework; sourceTree = BUILT_PRODUCTS_DIR; };
		253BB267F2F353F6E135F2D6 /* Pods-hwTests.debug.xcconfig */ = {isa = PBXFileReference; includeInIndex = 1; lastKnownFileType = text.xcconfig; name = "Pods-hwTests.debug.xcconfig"; path = "Target Support Files/Pods-hwTests/Pods-hwTests.debug.xcconfig"; sourceTree = "<group>"; };
		45471C3C285B788600CA4884 /* hw.app */ = {isa = PBXFileReference; explicitFileType = wrapper.application; includeInIndex = 0; path = hw.app; sourceTree = BUILT_PRODUCTS_DIR; };
		45471C3F285B788600CA4884 /* AppDelegate.swift */ = {isa = PBXFileReference; lastKnownFileType = sourcecode.swift; path = AppDelegate.swift; sourceTree = "<group>"; };
		45471C43285B788800CA4884 /* Assets.xcassets */ = {isa = PBXFileReference; lastKnownFileType = folder.assetcatalog; path = Assets.xcassets; sourceTree = "<group>"; };
		45471C46285B788800CA4884 /* Base */ = {isa = PBXFileReference; lastKnownFileType = file.storyboard; name = Base; path = Base.lproj/Main.storyboard; sourceTree = "<group>"; };
		45471C48285B788800CA4884 /* hw.entitlements */ = {isa = PBXFileReference; lastKnownFileType = text.plist.entitlements; path = hw.entitlements; sourceTree = "<group>"; };
		45471C4D285B788800CA4884 /* hwTests.xctest */ = {isa = PBXFileReference; explicitFileType = wrapper.cfbundle; includeInIndex = 0; path = hwTests.xctest; sourceTree = BUILT_PRODUCTS_DIR; };
		45471C51285B788800CA4884 /* hwTests.swift */ = {isa = PBXFileReference; lastKnownFileType = sourcecode.swift; path = hwTests.swift; sourceTree = "<group>"; };
		45471C57285B788800CA4884 /* hwUITests.xctest */ = {isa = PBXFileReference; explicitFileType = wrapper.cfbundle; includeInIndex = 0; path = hwUITests.xctest; sourceTree = BUILT_PRODUCTS_DIR; };
		45471C5B285B788800CA4884 /* hwUITests.swift */ = {isa = PBXFileReference; lastKnownFileType = sourcecode.swift; path = hwUITests.swift; sourceTree = "<group>"; };
		45471C5D285B788800CA4884 /* hwUITestsLaunchTests.swift */ = {isa = PBXFileReference; lastKnownFileType = sourcecode.swift; path = hwUITestsLaunchTests.swift; sourceTree = "<group>"; };
		45471C6A285CDF9200CA4884 /* MaskWindow.swift */ = {isa = PBXFileReference; lastKnownFileType = sourcecode.swift; path = MaskWindow.swift; sourceTree = "<group>"; };
		45471C6C285EB76800CA4884 /* Accessibility.swift */ = {isa = PBXFileReference; lastKnownFileType = sourcecode.swift; path = Accessibility.swift; sourceTree = "<group>"; };
		45471C6E285EBC6800CA4884 /* WindowHightlight.swift */ = {isa = PBXFileReference; lastKnownFileType = sourcecode.swift; path = WindowHightlight.swift; sourceTree = "<group>"; };
		45471C70285ED06D00CA4884 /* StatusButton.swift */ = {isa = PBXFileReference; lastKnownFileType = sourcecode.swift; path = StatusButton.swift; sourceTree = "<group>"; };
		45471C72285EDB5B00CA4884 /* Info.plist */ = {isa = PBXFileReference; lastKnownFileType = text.plist; path = Info.plist; sourceTree = "<group>"; };
		45D579BB285F6A6200BC584F /* zh-Hans */ = {isa = PBXFileReference; lastKnownFileType = text.plist.strings; name = "zh-Hans"; path = "zh-Hans.lproj/Main.strings"; sourceTree = "<group>"; };
		4B80829488EAACAAE7FFFC2F /* Pods_hw_hwUITests.framework */ = {isa = PBXFileReference; explicitFileType = wrapper.framework; includeInIndex = 0; path = Pods_hw_hwUITests.framework; sourceTree = BUILT_PRODUCTS_DIR; };
		DE0C2D4ADF98CC34272489FD /* Pods-hw.release.xcconfig */ = {isa = PBXFileReference; includeInIndex = 1; lastKnownFileType = text.xcconfig; name = "Pods-hw.release.xcconfig"; path = "Target Support Files/Pods-hw/Pods-hw.release.xcconfig"; sourceTree = "<group>"; };
		E0FB4F4F6149882F89B58316 /* Pods-hwTests.release.xcconfig */ = {isa = PBXFileReference; includeInIndex = 1; lastKnownFileType = text.xcconfig; name = "Pods-hwTests.release.xcconfig"; path = "Target Support Files/Pods-hwTests/Pods-hwTests.release.xcconfig"; sourceTree = "<group>"; };
		FB8A6A188C1519842AE2B03C /* Pods-hw.debug.xcconfig */ = {isa = PBXFileReference; includeInIndex = 1; lastKnownFileType = text.xcconfig; name = "Pods-hw.debug.xcconfig"; path = "Target Support Files/Pods-hw/Pods-hw.debug.xcconfig"; sourceTree = "<group>"; };
/* End PBXFileReference section */

/* Begin PBXFrameworksBuildPhase section */
		45471C39285B788600CA4884 /* Frameworks */ = {
			isa = PBXFrameworksBuildPhase;
			buildActionMask = 2147483647;
			files = (
				DABF766ED844EE713298DE6E /* Pods_hw.framework in Frameworks */,
			);
			runOnlyForDeploymentPostprocessing = 0;
		};
		45471C4A285B788800CA4884 /* Frameworks */ = {
			isa = PBXFrameworksBuildPhase;
			buildActionMask = 2147483647;
			files = (
				878FE7C193C18F668A5827B2 /* Pods_hwTests.framework in Frameworks */,
			);
			runOnlyForDeploymentPostprocessing = 0;
		};
		45471C54285B788800CA4884 /* Frameworks */ = {
			isa = PBXFrameworksBuildPhase;
			buildActionMask = 2147483647;
			files = (
				281E62FDC7CBB29FAA145AC7 /* Pods_hw_hwUITests.framework in Frameworks */,
			);
			runOnlyForDeploymentPostprocessing = 0;
		};
/* End PBXFrameworksBuildPhase section */

/* Begin PBXGroup section */
		45471C33285B788600CA4884 = {
			isa = PBXGroup;
			children = (
				45471C3E285B788600CA4884 /* hw */,
				45471C50285B788800CA4884 /* hwTests */,
				45471C5A285B788800CA4884 /* hwUITests */,
				45471C3D285B788600CA4884 /* Products */,
				7D2EE3C8D7883B860426D8E1 /* Pods */,
				529BF912CF8E0067B9081A0E /* Frameworks */,
			);
			sourceTree = "<group>";
		};
		45471C3D285B788600CA4884 /* Products */ = {
			isa = PBXGroup;
			children = (
				45471C3C285B788600CA4884 /* hw.app */,
				45471C4D285B788800CA4884 /* hwTests.xctest */,
				45471C57285B788800CA4884 /* hwUITests.xctest */,
			);
			name = Products;
			sourceTree = "<group>";
		};
		45471C3E285B788600CA4884 /* hw */ = {
			isa = PBXGroup;
			children = (
				45471C72285EDB5B00CA4884 /* Info.plist */,
				45471C3F285B788600CA4884 /* AppDelegate.swift */,
				45471C43285B788800CA4884 /* Assets.xcassets */,
				45471C45285B788800CA4884 /* Main.storyboard */,
				45471C48285B788800CA4884 /* hw.entitlements */,
				45471C6A285CDF9200CA4884 /* MaskWindow.swift */,
				45471C6C285EB76800CA4884 /* Accessibility.swift */,
				45471C6E285EBC6800CA4884 /* WindowHightlight.swift */,
				45471C70285ED06D00CA4884 /* StatusButton.swift */,
			);
			path = hw;
			sourceTree = "<group>";
		};
		45471C50285B788800CA4884 /* hwTests */ = {
			isa = PBXGroup;
			children = (
				45471C51285B788800CA4884 /* hwTests.swift */,
			);
			path = hwTests;
			sourceTree = "<group>";
		};
		45471C5A285B788800CA4884 /* hwUITests */ = {
			isa = PBXGroup;
			children = (
				45471C5B285B788800CA4884 /* hwUITests.swift */,
				45471C5D285B788800CA4884 /* hwUITestsLaunchTests.swift */,
			);
			path = hwUITests;
			sourceTree = "<group>";
		};
		529BF912CF8E0067B9081A0E /* Frameworks */ = {
			isa = PBXGroup;
			children = (
				01D5C213B5A7F12F0463F472 /* Pods_hw.framework */,
				4B80829488EAACAAE7FFFC2F /* Pods_hw_hwUITests.framework */,
				1D577857CDF83F741A087C30 /* Pods_hwTests.framework */,
			);
			name = Frameworks;
			sourceTree = "<group>";
		};
		7D2EE3C8D7883B860426D8E1 /* Pods */ = {
			isa = PBXGroup;
			children = (
				FB8A6A188C1519842AE2B03C /* Pods-hw.debug.xcconfig */,
				DE0C2D4ADF98CC34272489FD /* Pods-hw.release.xcconfig */,
				18FB954B8E445666EF33B437 /* Pods-hw-hwUITests.debug.xcconfig */,
				1425F2DBCB0298FDD2C4EF38 /* Pods-hw-hwUITests.release.xcconfig */,
				253BB267F2F353F6E135F2D6 /* Pods-hwTests.debug.xcconfig */,
				E0FB4F4F6149882F89B58316 /* Pods-hwTests.release.xcconfig */,
			);
			path = Pods;
			sourceTree = "<group>";
		};
/* End PBXGroup section */

/* Begin PBXNativeTarget section */
		45471C3B285B788600CA4884 /* hw */ = {
			isa = PBXNativeTarget;
			buildConfigurationList = 45471C61285B788800CA4884 /* Build configuration list for PBXNativeTarget "hw" */;
			buildPhases = (
				825AC9FA7FC244CDACA1ABCF /* [CP] Check Pods Manifest.lock */,
				45471C38285B788600CA4884 /* Sources */,
				45471C39285B788600CA4884 /* Frameworks */,
				45471C3A285B788600CA4884 /* Resources */,
				AFF086D9F30EC03C5BAF3203 /* [CP] Embed Pods Frameworks */,
			);
			buildRules = (
			);
			dependencies = (
			);
			name = hw;
			productName = hw;
			productReference = 45471C3C285B788600CA4884 /* hw.app */;
			productType = "com.apple.product-type.application";
		};
		45471C4C285B788800CA4884 /* hwTests */ = {
			isa = PBXNativeTarget;
			buildConfigurationList = 45471C64285B788800CA4884 /* Build configuration list for PBXNativeTarget "hwTests" */;
			buildPhases = (
				454D30D149164A1A9E25172C /* [CP] Check Pods Manifest.lock */,
				45471C49285B788800CA4884 /* Sources */,
				45471C4A285B788800CA4884 /* Frameworks */,
				45471C4B285B788800CA4884 /* Resources */,
			);
			buildRules = (
			);
			dependencies = (
				45471C4F285B788800CA4884 /* PBXTargetDependency */,
			);
			name = hwTests;
			productName = hwTests;
			productReference = 45471C4D285B788800CA4884 /* hwTests.xctest */;
			productType = "com.apple.product-type.bundle.unit-test";
		};
		45471C56285B788800CA4884 /* hwUITests */ = {
			isa = PBXNativeTarget;
			buildConfigurationList = 45471C67285B788800CA4884 /* Build configuration list for PBXNativeTarget "hwUITests" */;
			buildPhases = (
				82655CD67B81BCEF5039DF31 /* [CP] Check Pods Manifest.lock */,
				45471C53285B788800CA4884 /* Sources */,
				45471C54285B788800CA4884 /* Frameworks */,
				45471C55285B788800CA4884 /* Resources */,
				2B9B284C39A0648770F68085 /* [CP] Embed Pods Frameworks */,
			);
			buildRules = (
			);
			dependencies = (
				45471C59285B788800CA4884 /* PBXTargetDependency */,
			);
			name = hwUITests;
			productName = hwUITests;
			productReference = 45471C57285B788800CA4884 /* hwUITests.xctest */;
			productType = "com.apple.product-type.bundle.ui-testing";
		};
/* End PBXNativeTarget section */

/* Begin PBXProject section */
		45471C34285B788600CA4884 /* Project object */ = {
			isa = PBXProject;
			attributes = {
				BuildIndependentTargetsInParallel = 1;
				LastSwiftUpdateCheck = 1330;
				LastUpgradeCheck = 1330;
				TargetAttributes = {
					45471C3B285B788600CA4884 = {
						CreatedOnToolsVersion = 13.3.1;
					};
					45471C4C285B788800CA4884 = {
						CreatedOnToolsVersion = 13.3.1;
						TestTargetID = 45471C3B285B788600CA4884;
					};
					45471C56285B788800CA4884 = {
						CreatedOnToolsVersion = 13.3.1;
						TestTargetID = 45471C3B285B788600CA4884;
					};
				};
			};
			buildConfigurationList = 45471C37285B788600CA4884 /* Build configuration list for PBXProject "hw" */;
			compatibilityVersion = "Xcode 13.0";
			developmentRegion = en;
			hasScannedForEncodings = 0;
			knownRegions = (
				en,
				Base,
				"zh-Hans",
			);
			mainGroup = 45471C33285B788600CA4884;
			productRefGroup = 45471C3D285B788600CA4884 /* Products */;
			projectDirPath = "";
			projectRoot = "";
			targets = (
				45471C3B285B788600CA4884 /* hw */,
				45471C4C285B788800CA4884 /* hwTests */,
				45471C56285B788800CA4884 /* hwUITests */,
			);
		};
/* End PBXProject section */

/* Begin PBXResourcesBuildPhase section */
		45471C3A285B788600CA4884 /* Resources */ = {
			isa = PBXResourcesBuildPhase;
			buildActionMask = 2147483647;
			files = (
				45471C44285B788800CA4884 /* Assets.xcassets in Resources */,
				45471C47285B788800CA4884 /* Main.storyboard in Resources */,
			);
			runOnlyForDeploymentPostprocessing = 0;
		};
		45471C4B285B788800CA4884 /* Resources */ = {
			isa = PBXResourcesBuildPhase;
			buildActionMask = 2147483647;
			files = (
			);
			runOnlyForDeploymentPostprocessing = 0;
		};
		45471C55285B788800CA4884 /* Resources */ = {
			isa = PBXResourcesBuildPhase;
			buildActionMask = 2147483647;
			files = (
			);
			runOnlyForDeploymentPostprocessing = 0;
		};
/* End PBXResourcesBuildPhase section */

/* Begin PBXShellScriptBuildPhase section */
		2B9B284C39A0648770F68085 /* [CP] Embed Pods Frameworks */ = {
			isa = PBXShellScriptBuildPhase;
			buildActionMask = 2147483647;
			files = (
			);
			inputFileListPaths = (
				"${PODS_ROOT}/Target Support Files/Pods-hw-hwUITests/Pods-hw-hwUITests-frameworks-${CONFIGURATION}-input-files.xcfilelist",
			);
			name = "[CP] Embed Pods Frameworks";
			outputFileListPaths = (
				"${PODS_ROOT}/Target Support Files/Pods-hw-hwUITests/Pods-hw-hwUITests-frameworks-${CONFIGURATION}-output-files.xcfilelist",
			);
			runOnlyForDeploymentPostprocessing = 0;
			shellPath = /bin/sh;
			shellScript = "\"${PODS_ROOT}/Target Support Files/Pods-hw-hwUITests/Pods-hw-hwUITests-frameworks.sh\"\n";
			showEnvVarsInLog = 0;
		};
		454D30D149164A1A9E25172C /* [CP] Check Pods Manifest.lock */ = {
			isa = PBXShellScriptBuildPhase;
			buildActionMask = 2147483647;
			files = (
			);
			inputFileListPaths = (
			);
			inputPaths = (
				"${PODS_PODFILE_DIR_PATH}/Podfile.lock",
				"${PODS_ROOT}/Manifest.lock",
			);
			name = "[CP] Check Pods Manifest.lock";
			outputFileListPaths = (
			);
			outputPaths = (
				"$(DERIVED_FILE_DIR)/Pods-hwTests-checkManifestLockResult.txt",
			);
			runOnlyForDeploymentPostprocessing = 0;
			shellPath = /bin/sh;
			shellScript = "diff \"${PODS_PODFILE_DIR_PATH}/Podfile.lock\" \"${PODS_ROOT}/Manifest.lock\" > /dev/null\nif [ $? != 0 ] ; then\n    # print error to STDERR\n    echo \"error: The sandbox is not in sync with the Podfile.lock. Run 'pod install' or update your CocoaPods installation.\" >&2\n    exit 1\nfi\n# This output is used by Xcode 'outputs' to avoid re-running this script phase.\necho \"SUCCESS\" > \"${SCRIPT_OUTPUT_FILE_0}\"\n";
			showEnvVarsInLog = 0;
		};
		825AC9FA7FC244CDACA1ABCF /* [CP] Check Pods Manifest.lock */ = {
			isa = PBXShellScriptBuildPhase;
			buildActionMask = 2147483647;
			files = (
			);
			inputFileListPaths = (
			);
			inputPaths = (
				"${PODS_PODFILE_DIR_PATH}/Podfile.lock",
				"${PODS_ROOT}/Manifest.lock",
			);
			name = "[CP] Check Pods Manifest.lock";
			outputFileListPaths = (
			);
			outputPaths = (
				"$(DERIVED_FILE_DIR)/Pods-hw-checkManifestLockResult.txt",
			);
			runOnlyForDeploymentPostprocessing = 0;
			shellPath = /bin/sh;
			shellScript = "diff \"${PODS_PODFILE_DIR_PATH}/Podfile.lock\" \"${PODS_ROOT}/Manifest.lock\" > /dev/null\nif [ $? != 0 ] ; then\n    # print error to STDERR\n    echo \"error: The sandbox is not in sync with the Podfile.lock. Run 'pod install' or update your CocoaPods installation.\" >&2\n    exit 1\nfi\n# This output is used by Xcode 'outputs' to avoid re-running this script phase.\necho \"SUCCESS\" > \"${SCRIPT_OUTPUT_FILE_0}\"\n";
			showEnvVarsInLog = 0;
		};
		82655CD67B81BCEF5039DF31 /* [CP] Check Pods Manifest.lock */ = {
			isa = PBXShellScriptBuildPhase;
			buildActionMask = 2147483647;
			files = (
			);
			inputFileListPaths = (
			);
			inputPaths = (
				"${PODS_PODFILE_DIR_PATH}/Podfile.lock",
				"${PODS_ROOT}/Manifest.lock",
			);
			name = "[CP] Check Pods Manifest.lock";
			outputFileListPaths = (
			);
			outputPaths = (
				"$(DERIVED_FILE_DIR)/Pods-hw-hwUITests-checkManifestLockResult.txt",
			);
			runOnlyForDeploymentPostprocessing = 0;
			shellPath = /bin/sh;
			shellScript = "diff \"${PODS_PODFILE_DIR_PATH}/Podfile.lock\" \"${PODS_ROOT}/Manifest.lock\" > /dev/null\nif [ $? != 0 ] ; then\n    # print error to STDERR\n    echo \"error: The sandbox is not in sync with the Podfile.lock. Run 'pod install' or update your CocoaPods installation.\" >&2\n    exit 1\nfi\n# This output is used by Xcode 'outputs' to avoid re-running this script phase.\necho \"SUCCESS\" > \"${SCRIPT_OUTPUT_FILE_0}\"\n";
			showEnvVarsInLog = 0;
		};
		AFF086D9F30EC03C5BAF3203 /* [CP] Embed Pods Frameworks */ = {
			isa = PBXShellScriptBuildPhase;
			buildActionMask = 2147483647;
			files = (
			);
			inputFileListPaths = (
				"${PODS_ROOT}/Target Support Files/Pods-hw/Pods-hw-frameworks-${CONFIGURATION}-input-files.xcfilelist",
			);
			name = "[CP] Embed Pods Frameworks";
			outputFileListPaths = (
				"${PODS_ROOT}/Target Support Files/Pods-hw/Pods-hw-frameworks-${CONFIGURATION}-output-files.xcfilelist",
			);
			runOnlyForDeploymentPostprocessing = 0;
			shellPath = /bin/sh;
			shellScript = "\"${PODS_ROOT}/Target Support Files/Pods-hw/Pods-hw-frameworks.sh\"\n";
			showEnvVarsInLog = 0;
		};
/* End PBXShellScriptBuildPhase section */

/* Begin PBXSourcesBuildPhase section */
		45471C38285B788600CA4884 /* Sources */ = {
			isa = PBXSourcesBuildPhase;
			buildActionMask = 2147483647;
			files = (
				45471C6B285CDF9200CA4884 /* MaskWindow.swift in Sources */,
				45471C71285ED06D00CA4884 /* StatusButton.swift in Sources */,
				45471C6D285EB76800CA4884 /* Accessibility.swift in Sources */,
				45471C40285B788600CA4884 /* AppDelegate.swift in Sources */,
				45471C6F285EBC6800CA4884 /* WindowHightlight.swift in Sources */,
			);
			runOnlyForDeploymentPostprocessing = 0;
		};
		45471C49285B788800CA4884 /* Sources */ = {
			isa = PBXSourcesBuildPhase;
			buildActionMask = 2147483647;
			files = (
				45471C52285B788800CA4884 /* hwTests.swift in Sources */,
			);
			runOnlyForDeploymentPostprocessing = 0;
		};
		45471C53285B788800CA4884 /* Sources */ = {
			isa = PBXSourcesBuildPhase;
			buildActionMask = 2147483647;
			files = (
				45471C5C285B788800CA4884 /* hwUITests.swift in Sources */,
				45471C5E285B788800CA4884 /* hwUITestsLaunchTests.swift in Sources */,
			);
			runOnlyForDeploymentPostprocessing = 0;
		};
/* End PBXSourcesBuildPhase section */

/* Begin PBXTargetDependency section */
		45471C4F285B788800CA4884 /* PBXTargetDependency */ = {
			isa = PBXTargetDependency;
			target = 45471C3B285B788600CA4884 /* hw */;
			targetProxy = 45471C4E285B788800CA4884 /* PBXContainerItemProxy */;
		};
		45471C59285B788800CA4884 /* PBXTargetDependency */ = {
			isa = PBXTargetDependency;
			target = 45471C3B285B788600CA4884 /* hw */;
			targetProxy = 45471C58285B788800CA4884 /* PBXContainerItemProxy */;
		};
/* End PBXTargetDependency section */

/* Begin PBXVariantGroup section */
		45471C45285B788800CA4884 /* Main.storyboard */ = {
			isa = PBXVariantGroup;
			children = (
				45471C46285B788800CA4884 /* Base */,
				45D579BB285F6A6200BC584F /* zh-Hans */,
			);
			name = Main.storyboard;
			sourceTree = "<group>";
		};
/* End PBXVariantGroup section */

/* Begin XCBuildConfiguration section */
		45471C5F285B788800CA4884 /* Debug */ = {
			isa = XCBuildConfiguration;
			buildSettings = {
				ALWAYS_SEARCH_USER_PATHS = NO;
				CLANG_ANALYZER_LOCALIZABILITY_NONLOCALIZED = YES;
				CLANG_ANALYZER_NONNULL = YES;
				CLANG_ANALYZER_NUMBER_OBJECT_CONVERSION = YES_AGGRESSIVE;
				CLANG_CXX_LANGUAGE_STANDARD = "gnu++17";
				CLANG_ENABLE_MODULES = YES;
				CLANG_ENABLE_OBJC_ARC = YES;
				CLANG_ENABLE_OBJC_WEAK = YES;
				CLANG_WARN_BLOCK_CAPTURE_AUTORELEASING = YES;
				CLANG_WARN_BOOL_CONVERSION = YES;
				CLANG_WARN_COMMA = YES;
				CLANG_WARN_CONSTANT_CONVERSION = YES;
				CLANG_WARN_DEPRECATED_OBJC_IMPLEMENTATIONS = YES;
				CLANG_WARN_DIRECT_OBJC_ISA_USAGE = YES_ERROR;
				CLANG_WARN_DOCUMENTATION_COMMENTS = YES;
				CLANG_WARN_EMPTY_BODY = YES;
				CLANG_WARN_ENUM_CONVERSION = YES;
				CLANG_WARN_INFINITE_RECURSION = YES;
				CLANG_WARN_INT_CONVERSION = YES;
				CLANG_WARN_NON_LITERAL_NULL_CONVERSION = YES;
				CLANG_WARN_OBJC_IMPLICIT_RETAIN_SELF = YES;
				CLANG_WARN_OBJC_LITERAL_CONVERSION = YES;
				CLANG_WARN_OBJC_ROOT_CLASS = YES_ERROR;
				CLANG_WARN_QUOTED_INCLUDE_IN_FRAMEWORK_HEADER = YES;
				CLANG_WARN_RANGE_LOOP_ANALYSIS = YES;
				CLANG_WARN_STRICT_PROTOTYPES = YES;
				CLANG_WARN_SUSPICIOUS_MOVE = YES;
				CLANG_WARN_UNGUARDED_AVAILABILITY = YES_AGGRESSIVE;
				CLANG_WARN_UNREACHABLE_CODE = YES;
				CLANG_WARN__DUPLICATE_METHOD_MATCH = YES;
				COPY_PHASE_STRIP = NO;
				DEBUG_INFORMATION_FORMAT = dwarf;
				ENABLE_STRICT_OBJC_MSGSEND = YES;
				ENABLE_TESTABILITY = YES;
				GCC_C_LANGUAGE_STANDARD = gnu11;
				GCC_DYNAMIC_NO_PIC = NO;
				GCC_NO_COMMON_BLOCKS = YES;
				GCC_OPTIMIZATION_LEVEL = 0;
				GCC_PREPROCESSOR_DEFINITIONS = (
					"DEBUG=1",
					"$(inherited)",
				);
				GCC_WARN_64_TO_32_BIT_CONVERSION = YES;
				GCC_WARN_ABOUT_RETURN_TYPE = YES_ERROR;
				GCC_WARN_UNDECLARED_SELECTOR = YES;
				GCC_WARN_UNINITIALIZED_AUTOS = YES_AGGRESSIVE;
				GCC_WARN_UNUSED_FUNCTION = YES;
				GCC_WARN_UNUSED_VARIABLE = YES;
				MACOSX_DEPLOYMENT_TARGET = 12.1;
				MTL_ENABLE_DEBUG_INFO = INCLUDE_SOURCE;
				MTL_FAST_MATH = YES;
				ONLY_ACTIVE_ARCH = YES;
				SDKROOT = macosx;
				SWIFT_ACTIVE_COMPILATION_CONDITIONS = DEBUG;
				SWIFT_OPTIMIZATION_LEVEL = "-Onone";
			};
			name = Debug;
		};
		45471C60285B788800CA4884 /* Release */ = {
			isa = XCBuildConfiguration;
			buildSettings = {
				ALWAYS_SEARCH_USER_PATHS = NO;
				CLANG_ANALYZER_LOCALIZABILITY_NONLOCALIZED = YES;
				CLANG_ANALYZER_NONNULL = YES;
				CLANG_ANALYZER_NUMBER_OBJECT_CONVERSION = YES_AGGRESSIVE;
				CLANG_CXX_LANGUAGE_STANDARD = "gnu++17";
				CLANG_ENABLE_MODULES = YES;
				CLANG_ENABLE_OBJC_ARC = YES;
				CLANG_ENABLE_OBJC_WEAK = YES;
				CLANG_WARN_BLOCK_CAPTURE_AUTORELEASING = YES;
				CLANG_WARN_BOOL_CONVERSION = YES;
				CLANG_WARN_COMMA = YES;
				CLANG_WARN_CONSTANT_CONVERSION = YES;
				CLANG_WARN_DEPRECATED_OBJC_IMPLEMENTATIONS = YES;
				CLANG_WARN_DIRECT_OBJC_ISA_USAGE = YES_ERROR;
				CLANG_WARN_DOCUMENTATION_COMMENTS = YES;
				CLANG_WARN_EMPTY_BODY = YES;
				CLANG_WARN_ENUM_CONVERSION = YES;
				CLANG_WARN_INFINITE_RECURSION = YES;
				CLANG_WARN_INT_CONVERSION = YES;
				CLANG_WARN_NON_LITERAL_NULL_CONVERSION = YES;
				CLANG_WARN_OBJC_IMPLICIT_RETAIN_SELF = YES;
				CLANG_WARN_OBJC_LITERAL_CONVERSION = YES;
				CLANG_WARN_OBJC_ROOT_CLASS = YES_ERROR;
				CLANG_WARN_QUOTED_INCLUDE_IN_FRAMEWORK_HEADER = YES;
				CLANG_WARN_RANGE_LOOP_ANALYSIS = YES;
				CLANG_WARN_STRICT_PROTOTYPES = YES;
				CLANG_WARN_SUSPICIOUS_MOVE = YES;
				CLANG_WARN_UNGUARDED_AVAILABILITY = YES_AGGRESSIVE;
				CLANG_WARN_UNREACHABLE_CODE = YES;
				CLANG_WARN__DUPLICATE_METHOD_MATCH = YES;
				COPY_PHASE_STRIP = NO;
				DEBUG_INFORMATION_FORMAT = "dwarf-with-dsym";
				ENABLE_NS_ASSERTIONS = NO;
				ENABLE_STRICT_OBJC_MSGSEND = YES;
				GCC_C_LANGUAGE_STANDARD = gnu11;
				GCC_NO_COMMON_BLOCKS = YES;
				GCC_WARN_64_TO_32_BIT_CONVERSION = YES;
				GCC_WARN_ABOUT_RETURN_TYPE = YES_ERROR;
				GCC_WARN_UNDECLARED_SELECTOR = YES;
				GCC_WARN_UNINITIALIZED_AUTOS = YES_AGGRESSIVE;
				GCC_WARN_UNUSED_FUNCTION = YES;
				GCC_WARN_UNUSED_VARIABLE = YES;
				MACOSX_DEPLOYMENT_TARGET = 12.1;
				MTL_ENABLE_DEBUG_INFO = NO;
				MTL_FAST_MATH = YES;
				SDKROOT = macosx;
				SWIFT_COMPILATION_MODE = wholemodule;
				SWIFT_OPTIMIZATION_LEVEL = "-O";
			};
			name = Release;
		};
		45471C62285B788800CA4884 /* Debug */ = {
			isa = XCBuildConfiguration;
			baseConfigurationReference = FB8A6A188C1519842AE2B03C /* Pods-hw.debug.xcconfig */;
			buildSettings = {
				ASSETCATALOG_COMPILER_APPICON_NAME = AppIcon;
				ASSETCATALOG_COMPILER_GLOBAL_ACCENT_COLOR_NAME = AccentColor;
				CODE_SIGN_ENTITLEMENTS = hw/hw.entitlements;
				CODE_SIGN_IDENTITY = "Apple Development";
				CODE_SIGN_STYLE = Automatic;
				COMBINE_HIDPI_IMAGES = YES;
				CURRENT_PROJECT_VERSION = 1;
				DEVELOPMENT_TEAM = T68XK6867P;
				ENABLE_HARDENED_RUNTIME = YES;
				GENERATE_INFOPLIST_FILE = YES;
				INFOPLIST_FILE = hw/Info.plist;
				INFOPLIST_KEY_CFBundleDisplayName = "";
				INFOPLIST_KEY_LSApplicationCategoryType = "";
				INFOPLIST_KEY_NSHumanReadableCopyright = "";
				INFOPLIST_KEY_NSMainStoryboardFile = Main;
				INFOPLIST_KEY_NSPrincipalClass = NSApplication;
				LD_RUNPATH_SEARCH_PATHS = (
					"$(inherited)",
					"@executable_path/../Frameworks",
				);
				MARKETING_VERSION = 1.0;
				PRODUCT_BUNDLE_IDENTIFIER = com.qwertyyb.hw;
				PRODUCT_NAME = "$(TARGET_NAME)";
				PROVISIONING_PROFILE_SPECIFIER = "";
				SWIFT_EMIT_LOC_STRINGS = YES;
				SWIFT_VERSION = 5.0;
			};
			name = Debug;
		};
		45471C63285B788800CA4884 /* Release */ = {
			isa = XCBuildConfiguration;
			baseConfigurationReference = DE0C2D4ADF98CC34272489FD /* Pods-hw.release.xcconfig */;
			buildSettings = {
				ASSETCATALOG_COMPILER_APPICON_NAME = AppIcon;
				ASSETCATALOG_COMPILER_GLOBAL_ACCENT_COLOR_NAME = AccentColor;
				CODE_SIGN_ENTITLEMENTS = hw/hw.entitlements;
				CODE_SIGN_IDENTITY = "Developer ID Application";
				CODE_SIGN_STYLE = Manual;
				COMBINE_HIDPI_IMAGES = YES;
				CURRENT_PROJECT_VERSION = 1;
				DEVELOPMENT_TEAM = T68XK6867P;
				ENABLE_HARDENED_RUNTIME = YES;
				GENERATE_INFOPLIST_FILE = YES;
				INFOPLIST_FILE = hw/Info.plist;
				INFOPLIST_KEY_CFBundleDisplayName = "";
				INFOPLIST_KEY_LSApplicationCategoryType = "";
				INFOPLIST_KEY_NSHumanReadableCopyright = "";
				INFOPLIST_KEY_NSMainStoryboardFile = Main;
				INFOPLIST_KEY_NSPrincipalClass = NSApplication;
				LD_RUNPATH_SEARCH_PATHS = (
					"$(inherited)",
					"@executable_path/../Frameworks",
				);
				MARKETING_VERSION = 1.0;
				PRODUCT_BUNDLE_IDENTIFIER = com.qwertyyb.hw;
				PRODUCT_NAME = "$(TARGET_NAME)";
				PROVISIONING_PROFILE_SPECIFIER = "";
				SWIFT_EMIT_LOC_STRINGS = YES;
				SWIFT_VERSION = 5.0;
			};
			name = Release;
		};
		45471C65285B788800CA4884 /* Debug */ = {
			isa = XCBuildConfiguration;
			baseConfigurationReference = 253BB267F2F353F6E135F2D6 /* Pods-hwTests.debug.xcconfig */;
			buildSettings = {
				ALWAYS_EMBED_SWIFT_STANDARD_LIBRARIES = YES;
				BUNDLE_LOADER = "$(TEST_HOST)";
				CODE_SIGN_STYLE = Automatic;
				CURRENT_PROJECT_VERSION = 1;
				DEVELOPMENT_TEAM = T68XK6867P;
				GENERATE_INFOPLIST_FILE = YES;
				MACOSX_DEPLOYMENT_TARGET = 12.1;
				MARKETING_VERSION = 1.0;
				PRODUCT_BUNDLE_IDENTIFIER = com.qwertyyb.hwTests;
				PRODUCT_NAME = "$(TARGET_NAME)";
				SWIFT_EMIT_LOC_STRINGS = NO;
				SWIFT_VERSION = 5.0;
				TEST_HOST = "$(BUILT_PRODUCTS_DIR)/hw.app/Contents/MacOS/hw";
			};
			name = Debug;
		};
		45471C66285B788800CA4884 /* Release */ = {
			isa = XCBuildConfiguration;
			baseConfigurationReference = E0FB4F4F6149882F89B58316 /* Pods-hwTests.release.xcconfig */;
			buildSettings = {
				ALWAYS_EMBED_SWIFT_STANDARD_LIBRARIES = YES;
				BUNDLE_LOADER = "$(TEST_HOST)";
				CODE_SIGN_STYLE = Automatic;
				CURRENT_PROJECT_VERSION = 1;
				DEVELOPMENT_TEAM = T68XK6867P;
				GENERATE_INFOPLIST_FILE = YES;
				MACOSX_DEPLOYMENT_TARGET = 12.1;
				MARKETING_VERSION = 1.0;
				PRODUCT_BUNDLE_IDENTIFIER = com.qwertyyb.hwTests;
				PRODUCT_NAME = "$(TARGET_NAME)";
				SWIFT_EMIT_LOC_STRINGS = NO;
				SWIFT_VERSION = 5.0;
				TEST_HOST = "$(BUILT_PRODUCTS_DIR)/hw.app/Contents/MacOS/hw";
			};
			name = Release;
		};
		45471C68285B788800CA4884 /* Debug */ = {
			isa = XCBuildConfiguration;
			baseConfigurationReference = 18FB954B8E445666EF33B437 /* Pods-hw-hwUITests.debug.xcconfig */;
			buildSettings = {
				ALWAYS_EMBED_SWIFT_STANDARD_LIBRARIES = YES;
				CODE_SIGN_STYLE = Automatic;
				CURRENT_PROJECT_VERSION = 1;
				DEVELOPMENT_TEAM = T68XK6867P;
				GENERATE_INFOPLIST_FILE = YES;
				MARKETING_VERSION = 1.0;
				PRODUCT_BUNDLE_IDENTIFIER = com.qwertyyb.hwUITests;
				PRODUCT_NAME = "$(TARGET_NAME)";
				SWIFT_EMIT_LOC_STRINGS = NO;
				SWIFT_VERSION = 5.0;
				TEST_TARGET_NAME = hw;
			};
			name = Debug;
		};
		45471C69285B788800CA4884 /* Release */ = {
			isa = XCBuildConfiguration;
			baseConfigurationReference = 1425F2DBCB0298FDD2C4EF38 /* Pods-hw-hwUITests.release.xcconfig */;
			buildSettings = {
				ALWAYS_EMBED_SWIFT_STANDARD_LIBRARIES = YES;
				CODE_SIGN_STYLE = Automatic;
				CURRENT_PROJECT_VERSION = 1;
				DEVELOPMENT_TEAM = T68XK6867P;
				GENERATE_INFOPLIST_FILE = YES;
				MARKETING_VERSION = 1.0;
				PRODUCT_BUNDLE_IDENTIFIER = com.qwertyyb.hwUITests;
				PRODUCT_NAME = "$(TARGET_NAME)";
				SWIFT_EMIT_LOC_STRINGS = NO;
				SWIFT_VERSION = 5.0;
				TEST_TARGET_NAME = hw;
			};
			name = Release;
		};
/* End XCBuildConfiguration section */

/* Begin XCConfigurationList section */
		45471C37285B788600CA4884 /* Build configuration list for PBXProject "hw" */ = {
			isa = XCConfigurationList;
			buildConfigurations = (
				45471C5F285B788800CA4884 /* Debug */,
				45471C60285B788800CA4884 /* Release */,
			);
			defaultConfigurationIsVisible = 0;
			defaultConfigurationName = Release;
		};
		45471C61285B788800CA4884 /* Build configuration list for PBXNativeTarget "hw" */ = {
			isa = XCConfigurationList;
			buildConfigurations = (
				45471C62285B788800CA4884 /* Debug */,
				45471C63285B788800CA4884 /* Release */,
			);
			defaultConfigurationIsVisible = 0;
			defaultConfigurationName = Release;
		};
		45471C64285B788800CA4884 /* Build configuration list for PBXNativeTarget "hwTests" */ = {
			isa = XCConfigurationList;
			buildConfigurations = (
				45471C65285B788800CA4884 /* Debug */,
				45471C66285B788800CA4884 /* Release */,
			);
			defaultConfigurationIsVisible = 0;
			defaultConfigurationName = Release;
		};
		45471C67285B788800CA4884 /* Build configuration list for PBXNativeTarget "hwUITests" */ = {
			isa = XCConfigurationList;
			buildConfigurations = (
				45471C68285B788800CA4884 /* Debug */,
				45471C69285B788800CA4884 /* Release */,
			);
			defaultConfigurationIsVisible = 0;
			defaultConfigurationName = Release;
		};
/* End XCConfigurationList section */
	};
	rootObject = 45471C34285B788600CA4884 /* Project object */;
}
